
Microsoft Visual Studio Solution File, Format Version 12.00
# Visual Studio 15
VisualStudioVersion = 15.0.26730.16
MinimumVisualStudioVersion = 10.0.40219.1
Project("{FAE04EC0-301F-11D3-BF4B-00C04F79EFBC}") = "Examoop", "Examoop\Examoop.csproj", "{84D38945-FB83-4116-81E0-59822773DEBF}"
EndProject
Global
	GlobalSection(SolutionConfigurationPlatforms) = preSolution
		Debug|Any CPU = Debug|Any CPU
		Release|Any CPU = Release|Any CPU
	EndGlobalSection
	GlobalSection(ProjectConfigurationPlatforms) = postSolution
		{84D38945-FB83-4116-81E0-59822773DEBF}.Debug|Any CPU.ActiveCfg = Debug|Any CPU
		{84D38945-FB83-4116-81E0-59822773DEBF}.Debug|Any CPU.Build.0 = Debug|Any CPU
		{84D38945-FB83-4116-81E0-59822773DEBF}.Release|Any CPU.ActiveCfg = Release|Any CPU
		{84D38945-FB83-4116-81E0-59822773DEBF}.Release|Any CPU.Build.0 = Release|Any CPU
	EndGlobalSection
	GlobalSection(SolutionProperties) = preSolution
		HideSolutionNode = FALSE
	EndGlobalSection
	GlobalSection(ExtensibilityGlobals) = postSolution
		SolutionGuid = {96C7172F-9DEF-4603-9150-BA8A74034F36}
	EndGlobalSection
EndGlobal
