
Microsoft Visual Studio Solution File, Format Version 12.00
# Visual Studio 15
VisualStudioVersion = 15.0.26730.16
MinimumVisualStudioVersion = 10.0.40219.1
Project("{FAE04EC0-301F-11D3-BF4B-00C04F79EFBC}") = "StaticExample", "StaticExample\StaticExample.csproj", "{F988269F-D8D1-4CBC-B726-D8EE08302CDD}"
EndProject
Global
	GlobalSection(SolutionConfigurationPlatforms) = preSolution
		Debug|Any CPU = Debug|Any CPU
		Release|Any CPU = Release|Any CPU
	EndGlobalSection
	GlobalSection(ProjectConfigurationPlatforms) = postSolution
		{F988269F-D8D1-4CBC-B726-D8EE08302CDD}.Debug|Any CPU.ActiveCfg = Debug|Any CPU
		{F988269F-D8D1-4CBC-B726-D8EE08302CDD}.Debug|Any CPU.Build.0 = Debug|Any CPU
		{F988269F-D8D1-4CBC-B726-D8EE08302CDD}.Release|Any CPU.ActiveCfg = Release|Any CPU
		{F988269F-D8D1-4CBC-B726-D8EE08302CDD}.Release|Any CPU.Build.0 = Release|Any CPU
	EndGlobalSection
	GlobalSection(SolutionProperties) = preSolution
		HideSolutionNode = FALSE
	EndGlobalSection
	GlobalSection(ExtensibilityGlobals) = postSolution
		SolutionGuid = {BBD49687-43D3-4F66-856B-A3AF59649DEB}
	EndGlobalSection
EndGlobal
