
Microsoft Visual Studio Solution File, Format Version 12.00
# Visual Studio 15
VisualStudioVersion = 15.0.26730.16
MinimumVisualStudioVersion = 10.0.40219.1
Project("{FAE04EC0-301F-11D3-BF4B-00C04F79EFBC}") = "valuetype", "valuetype\valuetype.csproj", "{90612430-85D1-4B45-8A1D-49168F31AB4E}"
EndProject
Global
	GlobalSection(SolutionConfigurationPlatforms) = preSolution
		Debug|Any CPU = Debug|Any CPU
		Release|Any CPU = Release|Any CPU
	EndGlobalSection
	GlobalSection(ProjectConfigurationPlatforms) = postSolution
		{90612430-85D1-4B45-8A1D-49168F31AB4E}.Debug|Any CPU.ActiveCfg = Debug|Any CPU
		{90612430-85D1-4B45-8A1D-49168F31AB4E}.Debug|Any CPU.Build.0 = Debug|Any CPU
		{90612430-85D1-4B45-8A1D-49168F31AB4E}.Release|Any CPU.ActiveCfg = Release|Any CPU
		{90612430-85D1-4B45-8A1D-49168F31AB4E}.Release|Any CPU.Build.0 = Release|Any CPU
	EndGlobalSection
	GlobalSection(SolutionProperties) = preSolution
		HideSolutionNode = FALSE
	EndGlobalSection
	GlobalSection(ExtensibilityGlobals) = postSolution
		SolutionGuid = {E553CEE2-846B-406C-84F8-0057D3D70F2E}
	EndGlobalSection
EndGlobal
