
Microsoft Visual Studio Solution File, Format Version 12.00
# Visual Studio 15
VisualStudioVersion = 15.0.26730.16
MinimumVisualStudioVersion = 10.0.40219.1
Project("{FAE04EC0-301F-11D3-BF4B-00C04F79EFBC}") = "Traineeeapp", "Traineeeapp\Traineeeapp.csproj", "{9EA2BCD2-E9D6-4222-84CE-8DD77B4ACDC6}"
EndProject
Global
	GlobalSection(SolutionConfigurationPlatforms) = preSolution
		Debug|Any CPU = Debug|Any CPU
		Release|Any CPU = Release|Any CPU
	EndGlobalSection
	GlobalSection(ProjectConfigurationPlatforms) = postSolution
		{9EA2BCD2-E9D6-4222-84CE-8DD77B4ACDC6}.Debug|Any CPU.ActiveCfg = Debug|Any CPU
		{9EA2BCD2-E9D6-4222-84CE-8DD77B4ACDC6}.Debug|Any CPU.Build.0 = Debug|Any CPU
		{9EA2BCD2-E9D6-4222-84CE-8DD77B4ACDC6}.Release|Any CPU.ActiveCfg = Release|Any CPU
		{9EA2BCD2-E9D6-4222-84CE-8DD77B4ACDC6}.Release|Any CPU.Build.0 = Release|Any CPU
	EndGlobalSection
	GlobalSection(SolutionProperties) = preSolution
		HideSolutionNode = FALSE
	EndGlobalSection
	GlobalSection(ExtensibilityGlobals) = postSolution
		SolutionGuid = {B0AF36CD-7B5F-4EDC-AF6A-50569BD550BB}
	EndGlobalSection
EndGlobal
