
Microsoft Visual Studio Solution File, Format Version 12.00
# Visual Studio 15
VisualStudioVersion = 15.0.26730.16
MinimumVisualStudioVersion = 10.0.40219.1
Project("{FAE04EC0-301F-11D3-BF4B-00C04F79EFBC}") = "AnonymousEx", "AnonymousEx\AnonymousEx.csproj", "{9920D8F3-903A-47FD-8495-B140597ADE9C}"
EndProject
Global
	GlobalSection(SolutionConfigurationPlatforms) = preSolution
		Debug|Any CPU = Debug|Any CPU
		Release|Any CPU = Release|Any CPU
	EndGlobalSection
	GlobalSection(ProjectConfigurationPlatforms) = postSolution
		{9920D8F3-903A-47FD-8495-B140597ADE9C}.Debug|Any CPU.ActiveCfg = Debug|Any CPU
		{9920D8F3-903A-47FD-8495-B140597ADE9C}.Debug|Any CPU.Build.0 = Debug|Any CPU
		{9920D8F3-903A-47FD-8495-B140597ADE9C}.Release|Any CPU.ActiveCfg = Release|Any CPU
		{9920D8F3-903A-47FD-8495-B140597ADE9C}.Release|Any CPU.Build.0 = Release|Any CPU
	EndGlobalSection
	GlobalSection(SolutionProperties) = preSolution
		HideSolutionNode = FALSE
	EndGlobalSection
	GlobalSection(ExtensibilityGlobals) = postSolution
		SolutionGuid = {EA0C0BE4-739D-4836-B7F8-8DECB99098C2}
	EndGlobalSection
EndGlobal
