
Microsoft Visual Studio Solution File, Format Version 12.00
# Visual Studio 15
VisualStudioVersion = 15.0.26730.16
MinimumVisualStudioVersion = 10.0.40219.1
Project("{FAE04EC0-301F-11D3-BF4B-00C04F79EFBC}") = "DelegateEx2", "DelegateEx2\DelegateEx2.csproj", "{997DB097-118D-435A-AAA1-F2D4694D8A7A}"
EndProject
Global
	GlobalSection(SolutionConfigurationPlatforms) = preSolution
		Debug|Any CPU = Debug|Any CPU
		Release|Any CPU = Release|Any CPU
	EndGlobalSection
	GlobalSection(ProjectConfigurationPlatforms) = postSolution
		{997DB097-118D-435A-AAA1-F2D4694D8A7A}.Debug|Any CPU.ActiveCfg = Debug|Any CPU
		{997DB097-118D-435A-AAA1-F2D4694D8A7A}.Debug|Any CPU.Build.0 = Debug|Any CPU
		{997DB097-118D-435A-AAA1-F2D4694D8A7A}.Release|Any CPU.ActiveCfg = Release|Any CPU
		{997DB097-118D-435A-AAA1-F2D4694D8A7A}.Release|Any CPU.Build.0 = Release|Any CPU
	EndGlobalSection
	GlobalSection(SolutionProperties) = preSolution
		HideSolutionNode = FALSE
	EndGlobalSection
	GlobalSection(ExtensibilityGlobals) = postSolution
		SolutionGuid = {435235CB-0650-4280-8AB3-02F0E8F00BBF}
	EndGlobalSection
EndGlobal
