
Microsoft Visual Studio Solution File, Format Version 12.00
# Visual Studio 15
VisualStudioVersion = 15.0.26730.16
MinimumVisualStudioVersion = 10.0.40219.1
Project("{FAE04EC0-301F-11D3-BF4B-00C04F79EFBC}") = "ActionExample", "ActionExample\ActionExample.csproj", "{D4D733A1-D065-4186-88FC-E185B1C21374}"
EndProject
Global
	GlobalSection(SolutionConfigurationPlatforms) = preSolution
		Debug|Any CPU = Debug|Any CPU
		Release|Any CPU = Release|Any CPU
	EndGlobalSection
	GlobalSection(ProjectConfigurationPlatforms) = postSolution
		{D4D733A1-D065-4186-88FC-E185B1C21374}.Debug|Any CPU.ActiveCfg = Debug|Any CPU
		{D4D733A1-D065-4186-88FC-E185B1C21374}.Debug|Any CPU.Build.0 = Debug|Any CPU
		{D4D733A1-D065-4186-88FC-E185B1C21374}.Release|Any CPU.ActiveCfg = Release|Any CPU
		{D4D733A1-D065-4186-88FC-E185B1C21374}.Release|Any CPU.Build.0 = Release|Any CPU
	EndGlobalSection
	GlobalSection(SolutionProperties) = preSolution
		HideSolutionNode = FALSE
	EndGlobalSection
	GlobalSection(ExtensibilityGlobals) = postSolution
		SolutionGuid = {03BBCBA2-8CB1-4777-9AC3-517308D2F7E9}
	EndGlobalSection
EndGlobal
