
Microsoft Visual Studio Solution File, Format Version 12.00
# Visual Studio 15
VisualStudioVersion = 15.0.26730.16
MinimumVisualStudioVersion = 10.0.40219.1
Project("{FAE04EC0-301F-11D3-BF4B-00C04F79EFBC}") = "Abstraction1", "Abstraction1\Abstraction1.csproj", "{792C9E4D-ED9B-4A9C-844E-37489E57336C}"
EndProject
Global
	GlobalSection(SolutionConfigurationPlatforms) = preSolution
		Debug|Any CPU = Debug|Any CPU
		Release|Any CPU = Release|Any CPU
	EndGlobalSection
	GlobalSection(ProjectConfigurationPlatforms) = postSolution
		{792C9E4D-ED9B-4A9C-844E-37489E57336C}.Debug|Any CPU.ActiveCfg = Debug|Any CPU
		{792C9E4D-ED9B-4A9C-844E-37489E57336C}.Debug|Any CPU.Build.0 = Debug|Any CPU
		{792C9E4D-ED9B-4A9C-844E-37489E57336C}.Release|Any CPU.ActiveCfg = Release|Any CPU
		{792C9E4D-ED9B-4A9C-844E-37489E57336C}.Release|Any CPU.Build.0 = Release|Any CPU
	EndGlobalSection
	GlobalSection(SolutionProperties) = preSolution
		HideSolutionNode = FALSE
	EndGlobalSection
	GlobalSection(ExtensibilityGlobals) = postSolution
		SolutionGuid = {4BA7860F-3E77-4F97-8807-88592B95421F}
	EndGlobalSection
EndGlobal
