
Microsoft Visual Studio Solution File, Format Version 12.00
# Visual Studio 15
VisualStudioVersion = 15.0.26730.16
MinimumVisualStudioVersion = 10.0.40219.1
Project("{FAE04EC0-301F-11D3-BF4B-00C04F79EFBC}") = "Aggregation", "Aggregation\Aggregation.csproj", "{F04450AD-B2DD-4648-828D-C910A1EAD1A2}"
EndProject
Global
	GlobalSection(SolutionConfigurationPlatforms) = preSolution
		Debug|Any CPU = Debug|Any CPU
		Release|Any CPU = Release|Any CPU
	EndGlobalSection
	GlobalSection(ProjectConfigurationPlatforms) = postSolution
		{F04450AD-B2DD-4648-828D-C910A1EAD1A2}.Debug|Any CPU.ActiveCfg = Debug|Any CPU
		{F04450AD-B2DD-4648-828D-C910A1EAD1A2}.Debug|Any CPU.Build.0 = Debug|Any CPU
		{F04450AD-B2DD-4648-828D-C910A1EAD1A2}.Release|Any CPU.ActiveCfg = Release|Any CPU
		{F04450AD-B2DD-4648-828D-C910A1EAD1A2}.Release|Any CPU.Build.0 = Release|Any CPU
	EndGlobalSection
	GlobalSection(SolutionProperties) = preSolution
		HideSolutionNode = FALSE
	EndGlobalSection
	GlobalSection(ExtensibilityGlobals) = postSolution
		SolutionGuid = {68EF10D1-1C8C-4DDE-B713-EC970D159312}
	EndGlobalSection
EndGlobal
