
Microsoft Visual Studio Solution File, Format Version 12.00
# Visual Studio 15
VisualStudioVersion = 15.0.26730.16
MinimumVisualStudioVersion = 10.0.40219.1
Project("{FAE04EC0-301F-11D3-BF4B-00C04F79EFBC}") = "productnum", "productnum\productnum.csproj", "{32AFD2B3-7BEF-4EDB-953C-202C3AEC5081}"
EndProject
Global
	GlobalSection(SolutionConfigurationPlatforms) = preSolution
		Debug|Any CPU = Debug|Any CPU
		Release|Any CPU = Release|Any CPU
	EndGlobalSection
	GlobalSection(ProjectConfigurationPlatforms) = postSolution
		{32AFD2B3-7BEF-4EDB-953C-202C3AEC5081}.Debug|Any CPU.ActiveCfg = Debug|Any CPU
		{32AFD2B3-7BEF-4EDB-953C-202C3AEC5081}.Debug|Any CPU.Build.0 = Debug|Any CPU
		{32AFD2B3-7BEF-4EDB-953C-202C3AEC5081}.Release|Any CPU.ActiveCfg = Release|Any CPU
		{32AFD2B3-7BEF-4EDB-953C-202C3AEC5081}.Release|Any CPU.Build.0 = Release|Any CPU
	EndGlobalSection
	GlobalSection(SolutionProperties) = preSolution
		HideSolutionNode = FALSE
	EndGlobalSection
	GlobalSection(ExtensibilityGlobals) = postSolution
		SolutionGuid = {AD2318D2-0473-4A09-A282-52AA5B5DABDF}
	EndGlobalSection
EndGlobal
